
Microsoft Visual Studio Solution File, Format Version 12.00
# Visual Studio Version 17
VisualStudioVersion = 17.12.35527.113
MinimumVisualStudioVersion = 10.0.40219.1
Project("{FAE04EC0-301F-11D3-BF4B-00C04F79EFBC}") = "DiaryApp", "DiaryApp\DiaryApp.csproj", "{5B513819-BBBD-4F26-8BD8-39C000BFC03D}"
EndProject
Project("{FAE04EC0-301F-11D3-BF4B-00C04F79EFBC}") = "Diary.Domain", "Diary.Domain\Diary.Domain.csproj", "{909232CA-1153-40B7-8AC6-A0494AA17FFC}"
EndProject
Global
	GlobalSection(SolutionConfigurationPlatforms) = preSolution
		Debug|Any CPU = Debug|Any CPU
		Release|Any CPU = Release|Any CPU
	EndGlobalSection
	GlobalSection(ProjectConfigurationPlatforms) = postSolution
		{5B513819-BBBD-4F26-8BD8-39C000BFC03D}.Debug|Any CPU.ActiveCfg = Debug|Any CPU
		{5B513819-BBBD-4F26-8BD8-39C000BFC03D}.Debug|Any CPU.Build.0 = Debug|Any CPU
		{5B513819-BBBD-4F26-8BD8-39C000BFC03D}.Release|Any CPU.ActiveCfg = Release|Any CPU
		{5B513819-BBBD-4F26-8BD8-39C000BFC03D}.Release|Any CPU.Build.0 = Release|Any CPU
		{909232CA-1153-40B7-8AC6-A0494AA17FFC}.Debug|Any CPU.ActiveCfg = Debug|Any CPU
		{909232CA-1153-40B7-8AC6-A0494AA17FFC}.Debug|Any CPU.Build.0 = Debug|Any CPU
		{909232CA-1153-40B7-8AC6-A0494AA17FFC}.Release|Any CPU.ActiveCfg = Release|Any CPU
		{909232CA-1153-40B7-8AC6-A0494AA17FFC}.Release|Any CPU.Build.0 = Release|Any CPU
	EndGlobalSection
	GlobalSection(SolutionProperties) = preSolution
		HideSolutionNode = FALSE
	EndGlobalSection
EndGlobal
